
Microsoft Visual Studio Solution File, Format Version 12.00
# Visual Studio Version 17
VisualStudioVersion = 17.3.32929.385
MinimumVisualStudioVersion = 10.0.40219.1
Project("{FAE04EC0-301F-11D3-BF4B-00C04F79EFBC}") = "Delegate 2 Homework", "Delegate 2 Homework\Delegate 2 Homework.csproj", "{93F48C0A-E43A-46DB-888B-B44C17AEBA77}"
EndProject
Global
	GlobalSection(SolutionConfigurationPlatforms) = preSolution
		Debug|Any CPU = Debug|Any CPU
		Release|Any CPU = Release|Any CPU
	EndGlobalSection
	GlobalSection(ProjectConfigurationPlatforms) = postSolution
		{93F48C0A-E43A-46DB-888B-B44C17AEBA77}.Debug|Any CPU.ActiveCfg = Debug|Any CPU
		{93F48C0A-E43A-46DB-888B-B44C17AEBA77}.Debug|Any CPU.Build.0 = Debug|Any CPU
		{93F48C0A-E43A-46DB-888B-B44C17AEBA77}.Release|Any CPU.ActiveCfg = Release|Any CPU
		{93F48C0A-E43A-46DB-888B-B44C17AEBA77}.Release|Any CPU.Build.0 = Release|Any CPU
	EndGlobalSection
	GlobalSection(SolutionProperties) = preSolution
		HideSolutionNode = FALSE
	EndGlobalSection
	GlobalSection(ExtensibilityGlobals) = postSolution
		SolutionGuid = {F740BB61-DE6D-43EE-AA75-ED80E0914D8B}
	EndGlobalSection
EndGlobal
